
Microsoft Visual Studio Solution File, Format Version 12.00
# Visual Studio 15
VisualStudioVersion = 15.0.28307.1209
MinimumVisualStudioVersion = 10.0.40219.1
Project("{FAE04EC0-301F-11D3-BF4B-00C04F79EFBC}") = "PagNet.Bld.PGTO.Brasil", "PagNet.Bld.PGTO.Brasil\PagNet.Bld.PGTO.Brasil.csproj", "{C8F2895C-D54B-4F75-86AE-127FBE9A29E9}"
EndProject
Project("{FAE04EC0-301F-11D3-BF4B-00C04F79EFBC}") = "PagNet.Bld.PGTO.Brasil.Abstraction", "PagNet.Bld.PGTO.Brasil.Abstraction\PagNet.Bld.PGTO.Brasil.Abstraction.csproj", "{EAF07E7E-522F-42CA-8EAF-28EED658D77E}"
EndProject
Project("{FAE04EC0-301F-11D3-BF4B-00C04F79EFBC}") = "PagNet.Bld.PGTO.Brasil.Server", "PagNet.Bld.PGTO.Brasil.Server\PagNet.Bld.PGTO.Brasil.Server.csproj", "{FC79EB9D-964C-47B6-936A-D8765EA90E7B}"
EndProject
Project("{FAE04EC0-301F-11D3-BF4B-00C04F79EFBC}") = "PagNet.Bld.PGTO.Brasil.Web.Setup", "PagNet.Bld.PGTO.Brasil.Web.Setup\PagNet.Bld.PGTO.Brasil.Web.Setup.csproj", "{C17065BC-DA05-4E07-A903-6B97AB2180DC}"
EndProject
Global
	GlobalSection(SolutionConfigurationPlatforms) = preSolution
		Debug|Any CPU = Debug|Any CPU
		Release|Any CPU = Release|Any CPU
	EndGlobalSection
	GlobalSection(ProjectConfigurationPlatforms) = postSolution
		{C8F2895C-D54B-4F75-86AE-127FBE9A29E9}.Debug|Any CPU.ActiveCfg = Debug|Any CPU
		{C8F2895C-D54B-4F75-86AE-127FBE9A29E9}.Debug|Any CPU.Build.0 = Debug|Any CPU
		{C8F2895C-D54B-4F75-86AE-127FBE9A29E9}.Release|Any CPU.ActiveCfg = Release|Any CPU
		{C8F2895C-D54B-4F75-86AE-127FBE9A29E9}.Release|Any CPU.Build.0 = Release|Any CPU
		{EAF07E7E-522F-42CA-8EAF-28EED658D77E}.Debug|Any CPU.ActiveCfg = Debug|Any CPU
		{EAF07E7E-522F-42CA-8EAF-28EED658D77E}.Debug|Any CPU.Build.0 = Debug|Any CPU
		{EAF07E7E-522F-42CA-8EAF-28EED658D77E}.Release|Any CPU.ActiveCfg = Release|Any CPU
		{EAF07E7E-522F-42CA-8EAF-28EED658D77E}.Release|Any CPU.Build.0 = Release|Any CPU
		{FC79EB9D-964C-47B6-936A-D8765EA90E7B}.Debug|Any CPU.ActiveCfg = Debug|Any CPU
		{FC79EB9D-964C-47B6-936A-D8765EA90E7B}.Debug|Any CPU.Build.0 = Debug|Any CPU
		{FC79EB9D-964C-47B6-936A-D8765EA90E7B}.Release|Any CPU.ActiveCfg = Release|Any CPU
		{FC79EB9D-964C-47B6-936A-D8765EA90E7B}.Release|Any CPU.Build.0 = Release|Any CPU
		{C17065BC-DA05-4E07-A903-6B97AB2180DC}.Debug|Any CPU.ActiveCfg = Debug|Any CPU
		{C17065BC-DA05-4E07-A903-6B97AB2180DC}.Debug|Any CPU.Build.0 = Debug|Any CPU
		{C17065BC-DA05-4E07-A903-6B97AB2180DC}.Release|Any CPU.ActiveCfg = Release|Any CPU
		{C17065BC-DA05-4E07-A903-6B97AB2180DC}.Release|Any CPU.Build.0 = Release|Any CPU
	EndGlobalSection
	GlobalSection(SolutionProperties) = preSolution
		HideSolutionNode = FALSE
	EndGlobalSection
	GlobalSection(ExtensibilityGlobals) = postSolution
		SolutionGuid = {12138B43-0102-4BC1-8E02-BB8712B82350}
	EndGlobalSection
EndGlobal
