
Microsoft Visual Studio Solution File, Format Version 12.00
# Visual Studio 15
VisualStudioVersion = 15.0.28307.1209
MinimumVisualStudioVersion = 10.0.40219.1
Project("{FAE04EC0-301F-11D3-BF4B-00C04F79EFBC}") = "PagNet.Bld.PGTO.CobrancaBancaria", "PagNet.Bld.PGTO.CobrancaBancaria\PagNet.Bld.PGTO.CobrancaBancaria.csproj", "{436E3AAF-2DF1-45FB-B83F-F4DD8CFE3DD8}"
EndProject
Project("{FAE04EC0-301F-11D3-BF4B-00C04F79EFBC}") = "PagNet.Bld.PGTO.CobrancaBancaria.Server", "PagNet.Bld.PGTO.CobrancaBancaria.Server\PagNet.Bld.PGTO.CobrancaBancaria.Server.csproj", "{751FC1B5-24C8-4AA6-9145-2237127F4FD1}"
EndProject
Project("{FAE04EC0-301F-11D3-BF4B-00C04F79EFBC}") = "PagNet.Bld.PGTO.CobrancaBancaria.Web.Setup", "PagNet.Bld.PGTO.CobrancaBancaria.Web.Setup\PagNet.Bld.PGTO.CobrancaBancaria.Web.Setup.csproj", "{E3D3CB09-802C-4EF6-8A69-374502F22112}"
EndProject
Project("{FAE04EC0-301F-11D3-BF4B-00C04F79EFBC}") = "PagNet.Bld.PGTO.CobrancaBancaria.Abstraction", "PagNet.Bld.PGTO.CobrancaBancaria.Abstraction\PagNet.Bld.PGTO.CobrancaBancaria.Abstraction.csproj", "{F26D0E02-0D0D-4684-BB52-EAE81CC2DD6E}"
EndProject
Global
	GlobalSection(SolutionConfigurationPlatforms) = preSolution
		Debug|Any CPU = Debug|Any CPU
		Release|Any CPU = Release|Any CPU
	EndGlobalSection
	GlobalSection(ProjectConfigurationPlatforms) = postSolution
		{436E3AAF-2DF1-45FB-B83F-F4DD8CFE3DD8}.Debug|Any CPU.ActiveCfg = Debug|Any CPU
		{436E3AAF-2DF1-45FB-B83F-F4DD8CFE3DD8}.Debug|Any CPU.Build.0 = Debug|Any CPU
		{436E3AAF-2DF1-45FB-B83F-F4DD8CFE3DD8}.Release|Any CPU.ActiveCfg = Release|Any CPU
		{436E3AAF-2DF1-45FB-B83F-F4DD8CFE3DD8}.Release|Any CPU.Build.0 = Release|Any CPU
		{751FC1B5-24C8-4AA6-9145-2237127F4FD1}.Debug|Any CPU.ActiveCfg = Debug|Any CPU
		{751FC1B5-24C8-4AA6-9145-2237127F4FD1}.Debug|Any CPU.Build.0 = Debug|Any CPU
		{751FC1B5-24C8-4AA6-9145-2237127F4FD1}.Release|Any CPU.ActiveCfg = Release|Any CPU
		{751FC1B5-24C8-4AA6-9145-2237127F4FD1}.Release|Any CPU.Build.0 = Release|Any CPU
		{E3D3CB09-802C-4EF6-8A69-374502F22112}.Debug|Any CPU.ActiveCfg = Debug|Any CPU
		{E3D3CB09-802C-4EF6-8A69-374502F22112}.Debug|Any CPU.Build.0 = Debug|Any CPU
		{E3D3CB09-802C-4EF6-8A69-374502F22112}.Release|Any CPU.ActiveCfg = Release|Any CPU
		{E3D3CB09-802C-4EF6-8A69-374502F22112}.Release|Any CPU.Build.0 = Release|Any CPU
		{F26D0E02-0D0D-4684-BB52-EAE81CC2DD6E}.Debug|Any CPU.ActiveCfg = Debug|Any CPU
		{F26D0E02-0D0D-4684-BB52-EAE81CC2DD6E}.Debug|Any CPU.Build.0 = Debug|Any CPU
		{F26D0E02-0D0D-4684-BB52-EAE81CC2DD6E}.Release|Any CPU.ActiveCfg = Release|Any CPU
		{F26D0E02-0D0D-4684-BB52-EAE81CC2DD6E}.Release|Any CPU.Build.0 = Release|Any CPU
	EndGlobalSection
	GlobalSection(SolutionProperties) = preSolution
		HideSolutionNode = FALSE
	EndGlobalSection
	GlobalSection(ExtensibilityGlobals) = postSolution
		SolutionGuid = {44BF8A17-7DFF-451F-A55E-325A20875BD3}
	EndGlobalSection
EndGlobal
