
Microsoft Visual Studio Solution File, Format Version 12.00
# Visual Studio 15
VisualStudioVersion = 15.0.28307.1209
MinimumVisualStudioVersion = 10.0.40219.1
Project("{9A19103F-16F7-4668-BE54-9A1E7A4F7556}") = "PagNet.BLD.ContaCorrente.Abstraction", "PagNet.BLD.ContaCorrente.Abstraction\PagNet.BLD.ContaCorrente.Abstraction.csproj", "{4C129D55-46AE-4418-9B19-3FB0515882A5}"
EndProject
Project("{9A19103F-16F7-4668-BE54-9A1E7A4F7556}") = "PagNet.BLD.ContaCorrente.Server", "PagNet.BLD.ContaCorrente.Service\PagNet.BLD.ContaCorrente.Server.csproj", "{A4B8950E-4F84-417C-BE21-A8AD4F028ADC}"
EndProject
Project("{9A19103F-16F7-4668-BE54-9A1E7A4F7556}") = "PagNet.BLD.ContaCorrente.Web.Setup", "PagNet.BLD.ContaCorrente.Web.Setup\PagNet.BLD.ContaCorrente.Web.Setup.csproj", "{915B6BC8-4BAC-49FC-AFD8-F166C211F580}"
EndProject
Project("{FAE04EC0-301F-11D3-BF4B-00C04F79EFBC}") = "PagNet.BLD.ContaCorrente2", "PagNet.BLD.ContaCorrente2\PagNet.BLD.ContaCorrente2.csproj", "{04A6B2DE-261B-41FF-AB36-5BE8408A36BF}"
EndProject
Global
	GlobalSection(SolutionConfigurationPlatforms) = preSolution
		Debug|Any CPU = Debug|Any CPU
		Release|Any CPU = Release|Any CPU
	EndGlobalSection
	GlobalSection(ProjectConfigurationPlatforms) = postSolution
		{4C129D55-46AE-4418-9B19-3FB0515882A5}.Debug|Any CPU.ActiveCfg = Debug|Any CPU
		{4C129D55-46AE-4418-9B19-3FB0515882A5}.Debug|Any CPU.Build.0 = Debug|Any CPU
		{4C129D55-46AE-4418-9B19-3FB0515882A5}.Release|Any CPU.ActiveCfg = Release|Any CPU
		{4C129D55-46AE-4418-9B19-3FB0515882A5}.Release|Any CPU.Build.0 = Release|Any CPU
		{A4B8950E-4F84-417C-BE21-A8AD4F028ADC}.Debug|Any CPU.ActiveCfg = Debug|Any CPU
		{A4B8950E-4F84-417C-BE21-A8AD4F028ADC}.Debug|Any CPU.Build.0 = Debug|Any CPU
		{A4B8950E-4F84-417C-BE21-A8AD4F028ADC}.Release|Any CPU.ActiveCfg = Release|Any CPU
		{A4B8950E-4F84-417C-BE21-A8AD4F028ADC}.Release|Any CPU.Build.0 = Release|Any CPU
		{915B6BC8-4BAC-49FC-AFD8-F166C211F580}.Debug|Any CPU.ActiveCfg = Debug|Any CPU
		{915B6BC8-4BAC-49FC-AFD8-F166C211F580}.Debug|Any CPU.Build.0 = Debug|Any CPU
		{915B6BC8-4BAC-49FC-AFD8-F166C211F580}.Release|Any CPU.ActiveCfg = Release|Any CPU
		{915B6BC8-4BAC-49FC-AFD8-F166C211F580}.Release|Any CPU.Build.0 = Release|Any CPU
		{04A6B2DE-261B-41FF-AB36-5BE8408A36BF}.Debug|Any CPU.ActiveCfg = Debug|Any CPU
		{04A6B2DE-261B-41FF-AB36-5BE8408A36BF}.Debug|Any CPU.Build.0 = Debug|Any CPU
		{04A6B2DE-261B-41FF-AB36-5BE8408A36BF}.Release|Any CPU.ActiveCfg = Release|Any CPU
		{04A6B2DE-261B-41FF-AB36-5BE8408A36BF}.Release|Any CPU.Build.0 = Release|Any CPU
	EndGlobalSection
	GlobalSection(SolutionProperties) = preSolution
		HideSolutionNode = FALSE
	EndGlobalSection
	GlobalSection(ExtensibilityGlobals) = postSolution
		SolutionGuid = {17076092-FDD8-4D67-92AA-FB26BEC02055}
	EndGlobalSection
EndGlobal
